# THIS IS AN AUTOGENERATED FILE. DO NOT EDIT THIS FILE DIRECTLY.
# yarn lockfile v1


create-observable@^1.0.2:
  version "1.0.2"
  resolved "https://registry.yarnpkg.com/create-observable/-/create-observable-1.0.2.tgz#8457869f7af580d1c372d32ccd8f8ff965b6121c"
  integrity sha512-vSIlH0js28RQfWT3ubV3nTnwoxX4ADfnw7mL9tld2ihPF7j39C2k89CRiKorbrxgP6hNmVxL4vjEsDIqaplDQw==
